
Microsoft Visual Studio Solution File, Format Version 12.00
# Visual Studio Version 16
VisualStudioVersion = 16.0.33927.289
MinimumVisualStudioVersion = 10.0.40219.1
Project("{FAE04EC0-301F-11D3-BF4B-00C04F79EFBC}") = "calculator", "calculator\calculator.csproj", "{D73F5D66-C0D8-4039-805C-33BF1CAE599B}"
EndProject
Global
	GlobalSection(SolutionConfigurationPlatforms) = preSolution
		Debug|Any CPU = Debug|Any CPU
		Release|Any CPU = Release|Any CPU
	EndGlobalSection
	GlobalSection(ProjectConfigurationPlatforms) = postSolution
		{D73F5D66-C0D8-4039-805C-33BF1CAE599B}.Debug|Any CPU.ActiveCfg = Debug|Any CPU
		{D73F5D66-C0D8-4039-805C-33BF1CAE599B}.Debug|Any CPU.Build.0 = Debug|Any CPU
		{D73F5D66-C0D8-4039-805C-33BF1CAE599B}.Release|Any CPU.ActiveCfg = Release|Any CPU
		{D73F5D66-C0D8-4039-805C-33BF1CAE599B}.Release|Any CPU.Build.0 = Release|Any CPU
	EndGlobalSection
	GlobalSection(SolutionProperties) = preSolution
		HideSolutionNode = FALSE
	EndGlobalSection
	GlobalSection(ExtensibilityGlobals) = postSolution
		SolutionGuid = {97768184-9E06-42FB-915B-37B6B7D15374}
	EndGlobalSection
EndGlobal
